# This file was autogenerated by uv via the following command:
#    uv pip compile requirements.txt --output-file requirements.lock
asgiref==3.8.1
    # via
    #   -r requirements.txt
    #   channels
    #   daphne
    #   django
    #   django-cors-headers
    #   django-htmx
attrs==25.3.0
    # via
    #   -r requirements.txt
    #   service-identity
    #   twisted
autobahn==24.4.2
    # via
    #   -r requirements.txt
    #   daphne
automat==24.8.1
    # via
    #   -r requirements.txt
    #   twisted
cffi==1.17.1
    # via
    #   -r requirements.txt
    #   cryptography
channels==4.2.2
    # via -r requirements.txt
constantly==23.10.4
    # via
    #   -r requirements.txt
    #   twisted
cryptography==44.0.2
    # via
    #   -r requirements.txt
    #   autobahn
    #   pyopenssl
    #   service-identity
daphne==4.1.2
    # via -r requirements.txt
django==5.2
    # via
    #   -r requirements.txt
    #   channels
    #   django-cors-headers
    #   django-crontab
    #   django-filter
    #   django-hijack
    #   django-htmx
    #   djangorestframework
django-cors-headers==4.7.0
    # via -r requirements.txt
django-crontab==0.7.1
    # via -r requirements.txt
django-filter==25.1
    # via -r requirements.txt
django-hijack==3.7.2
    # via -r requirements.txt
django-htmx==1.23.0
    # via -r requirements.txt
django-widget-tweaks==1.5.0
    # via -r requirements.txt
djangorestframework==3.16.0
    # via -r requirements.txt
h2==4.2.0
    # via -r requirements.txt
hpack==4.1.0
    # via
    #   -r requirements.txt
    #   h2
hyperframe==6.1.0
    # via
    #   -r requirements.txt
    #   h2
hyperlink==21.0.0
    # via
    #   -r requirements.txt
    #   autobahn
    #   twisted
idna==3.10
    # via
    #   -r requirements.txt
    #   hyperlink
    #   twisted
incremental==24.7.2
    # via
    #   -r requirements.txt
    #   twisted
narwhals==1.43.1
    # via
    #   -r requirements.txt
    #   plotly
packaging==25.0
    # via
    #   -r requirements.txt
    #   plotly
plotly==6.1.2
    # via -r requirements.txt
priority==1.3.0
    # via -r requirements.txt
psycopg2==2.9.10
    # via -r requirements.txt
pyasn1==0.6.1
    # via
    #   -r requirements.txt
    #   pyasn1-modules
    #   service-identity
pyasn1-modules==0.4.2
    # via
    #   -r requirements.txt
    #   service-identity
pycparser==2.22
    # via
    #   -r requirements.txt
    #   cffi
pyopenssl==25.0.0
    # via
    #   -r requirements.txt
    #   twisted
python-decouple==3.8
    # via -r requirements.txt
pytz==2025.2
    # via -r requirements.txt
service-identity==24.2.0
    # via
    #   -r requirements.txt
    #   twisted
setuptools==78.1.0
    # via
    #   -r requirements.txt
    #   autobahn
    #   incremental
    #   zope-interface
sqlparse==0.5.3
    # via
    #   -r requirements.txt
    #   django
tomli==2.2.1
    # via incremental
twisted==24.11.0
    # via
    #   -r requirements.txt
    #   daphne
txaio==23.1.1
    # via
    #   -r requirements.txt
    #   autobahn
typing-extensions==4.13.1
    # via
    #   -r requirements.txt
    #   asgiref
    #   pyopenssl
    #   twisted
tzdata==2025.2
    # via
    #   -r requirements.txt
    #   django
whitenoise==6.9.0
    # via -r requirements.txt
zope-interface==7.2
    # via
    #   -r requirements.txt
    #   twisted
